
Microsoft Visual Studio Solution File, Format Version 12.00
# Visual Studio Version 16
VisualStudioVersion = 16.0.29806.167
MinimumVisualStudioVersion = 10.0.40219.1
Project("{FAE04EC0-301F-11D3-BF4B-00C04F79EFBC}") = "jwt_ass_final", "jwt_ass_final\jwt_ass_final.csproj", "{56B13B8D-2D2C-44B6-81F1-0C888817D046}"
EndProject
Global
	GlobalSection(SolutionConfigurationPlatforms) = preSolution
		Debug|Any CPU = Debug|Any CPU
		Release|Any CPU = Release|Any CPU
	EndGlobalSection
	GlobalSection(ProjectConfigurationPlatforms) = postSolution
		{56B13B8D-2D2C-44B6-81F1-0C888817D046}.Debug|Any CPU.ActiveCfg = Debug|Any CPU
		{56B13B8D-2D2C-44B6-81F1-0C888817D046}.Debug|Any CPU.Build.0 = Debug|Any CPU
		{56B13B8D-2D2C-44B6-81F1-0C888817D046}.Release|Any CPU.ActiveCfg = Release|Any CPU
		{56B13B8D-2D2C-44B6-81F1-0C888817D046}.Release|Any CPU.Build.0 = Release|Any CPU
	EndGlobalSection
	GlobalSection(SolutionProperties) = preSolution
		HideSolutionNode = FALSE
	EndGlobalSection
	GlobalSection(ExtensibilityGlobals) = postSolution
		SolutionGuid = {D6F5F6C2-314D-4722-9A47-30BF39D7212B}
	EndGlobalSection
EndGlobal
