
Microsoft Visual Studio Solution File, Format Version 12.00
# Visual Studio Version 16
VisualStudioVersion = 16.0.29806.167
MinimumVisualStudioVersion = 10.0.40219.1
Project("{FAE04EC0-301F-11D3-BF4B-00C04F79EFBC}") = "Ques_8", "Ques_8\Ques_8.csproj", "{8817D3ED-4B49-4B18-826D-B6AC6A7C97C0}"
EndProject
Global
	GlobalSection(SolutionConfigurationPlatforms) = preSolution
		Debug|Any CPU = Debug|Any CPU
		Release|Any CPU = Release|Any CPU
	EndGlobalSection
	GlobalSection(ProjectConfigurationPlatforms) = postSolution
		{8817D3ED-4B49-4B18-826D-B6AC6A7C97C0}.Debug|Any CPU.ActiveCfg = Debug|Any CPU
		{8817D3ED-4B49-4B18-826D-B6AC6A7C97C0}.Debug|Any CPU.Build.0 = Debug|Any CPU
		{8817D3ED-4B49-4B18-826D-B6AC6A7C97C0}.Release|Any CPU.ActiveCfg = Release|Any CPU
		{8817D3ED-4B49-4B18-826D-B6AC6A7C97C0}.Release|Any CPU.Build.0 = Release|Any CPU
	EndGlobalSection
	GlobalSection(SolutionProperties) = preSolution
		HideSolutionNode = FALSE
	EndGlobalSection
	GlobalSection(ExtensibilityGlobals) = postSolution
		SolutionGuid = {D425C1CF-292F-4242-BC29-4348A1592C50}
	EndGlobalSection
EndGlobal
